// !$*UTF8*$!
{
	archiveVersion = 1;
	classes = {
	};
	objectVersion = 50;
	objects = {

/* Begin PBXBuildFile section */
		40C2A6A0221CFA7100ED67F0 /* AppDelegate.swift in Sources */ = {isa = PBXBuildFile; fileRef = 40C2A69F221CFA7100ED67F0 /* AppDelegate.swift */; };
		40C2A6A2221CFA7100ED67F0 /* ViewController.swift in Sources */ = {isa = PBXBuildFile; fileRef = 40C2A6A1221CFA7100ED67F0 /* ViewController.swift */; };
		40C2A6A5221CFA7100ED67F0 /* Main.storyboard in Resources */ = {isa = PBXBuildFile; fileRef = 40C2A6A3221CFA7100ED67F0 /* Main.storyboard */; };
		40C2A6A7221CFA7300ED67F0 /* Assets.xcassets in Resources */ = {isa = PBXBuildFile; fileRef = 40C2A6A6221CFA7300ED67F0 /* Assets.xcassets */; };
		40C2A6AA221CFA7300ED67F0 /* LaunchScreen.storyboard in Resources */ = {isa = PBXBuildFile; fileRef = 40C2A6A8221CFA7300ED67F0 /* LaunchScreen.storyboard */; };
		40C2A6B5221CFA7400ED67F0 /* POOTests.swift in Sources */ = {isa = PBXBuildFile; fileRef = 40C2A6B4221CFA7400ED67F0 /* POOTests.swift */; };
		40C2A6C0221CFA7400ED67F0 /* POOUITests.swift in Sources */ = {isa = PBXBuildFile; fileRef = 40C2A6BF221CFA7400ED67F0 /* POOUITests.swift */; };
		40C2A6CF221DB53A00ED67F0 /* Mazda3.swift in Sources */ = {isa = PBXBuildFile; fileRef = 40C2A6CE221DB53A00ED67F0 /* Mazda3.swift */; };
		40C2A6D1221DE37800ED67F0 /* Mazda3Mini.swift in Sources */ = {isa = PBXBuildFile; fileRef = 40C2A6D0221DE37800ED67F0 /* Mazda3Mini.swift */; };
/* End PBXBuildFile section */

/* Begin PBXContainerItemProxy section */
		40C2A6B1221CFA7400ED67F0 /* PBXContainerItemProxy */ = {
			isa = PBXContainerItemProxy;
			containerPortal = 40C2A694221CFA7100ED67F0 /* Project object */;
			proxyType = 1;
			remoteGlobalIDString = 40C2A69B221CFA7100ED67F0;
			remoteInfo = POO;
		};
		40C2A6BC221CFA7400ED67F0 /* PBXContainerItemProxy */ = {
			isa = PBXContainerItemProxy;
			containerPortal = 40C2A694221CFA7100ED67F0 /* Project object */;
			proxyType = 1;
			remoteGlobalIDString = 40C2A69B221CFA7100ED67F0;
			remoteInfo = POO;
		};
/* End PBXContainerItemProxy section */

/* Begin PBXFileReference section */
		40C2A69C221CFA7100ED67F0 /* POO.app */ = {isa = PBXFileReference; explicitFileType = wrapper.application; includeInIndex = 0; path = POO.app; sourceTree = BUILT_PRODUCTS_DIR; };
		40C2A69F221CFA7100ED67F0 /* AppDelegate.swift */ = {isa = PBXFileReference; lastKnownFileType = sourcecode.swift; path = AppDelegate.swift; sourceTree = "<group>"; };
		40C2A6A1221CFA7100ED67F0 /* ViewController.swift */ = {isa = PBXFileReference; lastKnownFileType = sourcecode.swift; path = ViewController.swift; sourceTree = "<group>"; };
		40C2A6A4221CFA7100ED67F0 /* Base */ = {isa = PBXFileReference; lastKnownFileType = file.storyboard; name = Base; path = Base.lproj/Main.storyboard; sourceTree = "<group>"; };
		40C2A6A6221CFA7300ED67F0 /* Assets.xcassets */ = {isa = PBXFileReference; lastKnownFileType = folder.assetcatalog; path = Assets.xcassets; sourceTree = "<group>"; };
		40C2A6A9221CFA7300ED67F0 /* Base */ = {isa = PBXFileReference; lastKnownFileType = file.storyboard; name = Base; path = Base.lproj/LaunchScreen.storyboard; sourceTree = "<group>"; };
		40C2A6AB221CFA7300ED67F0 /* Info.plist */ = {isa = PBXFileReference; lastKnownFileType = text.plist.xml; path = Info.plist; sourceTree = "<group>"; };
		40C2A6B0221CFA7400ED67F0 /* POOTests.xctest */ = {isa = PBXFileReference; explicitFileType = wrapper.cfbundle; includeInIndex = 0; path = POOTests.xctest; sourceTree = BUILT_PRODUCTS_DIR; };
		40C2A6B4221CFA7400ED67F0 /* POOTests.swift */ = {isa = PBXFileReference; lastKnownFileType = sourcecode.swift; path = POOTests.swift; sourceTree = "<group>"; };
		40C2A6B6221CFA7400ED67F0 /* Info.plist */ = {isa = PBXFileReference; lastKnownFileType = text.plist.xml; path = Info.plist; sourceTree = "<group>"; };
		40C2A6BB221CFA7400ED67F0 /* POOUITests.xctest */ = {isa = PBXFileReference; explicitFileType = wrapper.cfbundle; includeInIndex = 0; path = POOUITests.xctest; sourceTree = BUILT_PRODUCTS_DIR; };
		40C2A6BF221CFA7400ED67F0 /* POOUITests.swift */ = {isa = PBXFileReference; lastKnownFileType = sourcecode.swift; path = POOUITests.swift; sourceTree = "<group>"; };
		40C2A6C1221CFA7400ED67F0 /* Info.plist */ = {isa = PBXFileReference; lastKnownFileType = text.plist.xml; path = Info.plist; sourceTree = "<group>"; };
		40C2A6CD221CFB7200ED67F0 /* MyPlayground.playground */ = {isa = PBXFileReference; lastKnownFileType = file.playground; path = MyPlayground.playground; sourceTree = "<group>"; xcLanguageSpecificationIdentifier = xcode.lang.swift; };
		40C2A6CE221DB53A00ED67F0 /* Mazda3.swift */ = {isa = PBXFileReference; lastKnownFileType = sourcecode.swift; path = Mazda3.swift; sourceTree = "<group>"; };
		40C2A6D0221DE37800ED67F0 /* Mazda3Mini.swift */ = {isa = PBXFileReference; lastKnownFileType = sourcecode.swift; path = Mazda3Mini.swift; sourceTree = "<group>"; };
/* End PBXFileReference section */

/* Begin PBXFrameworksBuildPhase section */
		40C2A699221CFA7100ED67F0 /* Frameworks */ = {
			isa = PBXFrameworksBuildPhase;
			buildActionMask = 2147483647;
			files = (
			);
			runOnlyForDeploymentPostprocessing = 0;
		};
		40C2A6AD221CFA7400ED67F0 /* Frameworks */ = {
			isa = PBXFrameworksBuildPhase;
			buildActionMask = 2147483647;
			files = (
			);
			runOnlyForDeploymentPostprocessing = 0;
		};
		40C2A6B8221CFA7400ED67F0 /* Frameworks */ = {
			isa = PBXFrameworksBuildPhase;
			buildActionMask = 2147483647;
			files = (
			);
			runOnlyForDeploymentPostprocessing = 0;
		};
/* End PBXFrameworksBuildPhase section */

/* Begin PBXGroup section */
		40C2A693221CFA7100ED67F0 = {
			isa = PBXGroup;
			children = (
				40C2A69E221CFA7100ED67F0 /* POO */,
				40C2A6B3221CFA7400ED67F0 /* POOTests */,
				40C2A6BE221CFA7400ED67F0 /* POOUITests */,
				40C2A69D221CFA7100ED67F0 /* Products */,
			);
			sourceTree = "<group>";
		};
		40C2A69D221CFA7100ED67F0 /* Products */ = {
			isa = PBXGroup;
			children = (
				40C2A69C221CFA7100ED67F0 /* POO.app */,
				40C2A6B0221CFA7400ED67F0 /* POOTests.xctest */,
				40C2A6BB221CFA7400ED67F0 /* POOUITests.xctest */,
			);
			name = Products;
			sourceTree = "<group>";
		};
		40C2A69E221CFA7100ED67F0 /* POO */ = {
			isa = PBXGroup;
			children = (
				40C2A69F221CFA7100ED67F0 /* AppDelegate.swift */,
				40C2A6A1221CFA7100ED67F0 /* ViewController.swift */,
				40C2A6CE221DB53A00ED67F0 /* Mazda3.swift */,
				40C2A6D0221DE37800ED67F0 /* Mazda3Mini.swift */,
				40C2A6CD221CFB7200ED67F0 /* MyPlayground.playground */,
				40C2A6A3221CFA7100ED67F0 /* Main.storyboard */,
				40C2A6A6221CFA7300ED67F0 /* Assets.xcassets */,
				40C2A6A8221CFA7300ED67F0 /* LaunchScreen.storyboard */,
				40C2A6AB221CFA7300ED67F0 /* Info.plist */,
			);
			path = POO;
			sourceTree = "<group>";
		};
		40C2A6B3221CFA7400ED67F0 /* POOTests */ = {
			isa = PBXGroup;
			children = (
				40C2A6B4221CFA7400ED67F0 /* POOTests.swift */,
				40C2A6B6221CFA7400ED67F0 /* Info.plist */,
			);
			path = POOTests;
			sourceTree = "<group>";
		};
		40C2A6BE221CFA7400ED67F0 /* POOUITests */ = {
			isa = PBXGroup;
			children = (
				40C2A6BF221CFA7400ED67F0 /* POOUITests.swift */,
				40C2A6C1221CFA7400ED67F0 /* Info.plist */,
			);
			path = POOUITests;
			sourceTree = "<group>";
		};
/* End PBXGroup section */

/* Begin PBXNativeTarget section */
		40C2A69B221CFA7100ED67F0 /* POO */ = {
			isa = PBXNativeTarget;
			buildConfigurationList = 40C2A6C4221CFA7400ED67F0 /* Build configuration list for PBXNativeTarget "POO" */;
			buildPhases = (
				40C2A698221CFA7100ED67F0 /* Sources */,
				40C2A699221CFA7100ED67F0 /* Frameworks */,
				40C2A69A221CFA7100ED67F0 /* Resources */,
			);
			buildRules = (
			);
			dependencies = (
			);
			name = POO;
			productName = POO;
			productReference = 40C2A69C221CFA7100ED67F0 /* POO.app */;
			productType = "com.apple.product-type.application";
		};
		40C2A6AF221CFA7400ED67F0 /* POOTests */ = {
			isa = PBXNativeTarget;
			buildConfigurationList = 40C2A6C7221CFA7400ED67F0 /* Build configuration list for PBXNativeTarget "POOTests" */;
			buildPhases = (
				40C2A6AC221CFA7400ED67F0 /* Sources */,
				40C2A6AD221CFA7400ED67F0 /* Frameworks */,
				40C2A6AE221CFA7400ED67F0 /* Resources */,
			);
			buildRules = (
			);
			dependencies = (
				40C2A6B2221CFA7400ED67F0 /* PBXTargetDependency */,
			);
			name = POOTests;
			productName = POOTests;
			productReference = 40C2A6B0221CFA7400ED67F0 /* POOTests.xctest */;
			productType = "com.apple.product-type.bundle.unit-test";
		};
		40C2A6BA221CFA7400ED67F0 /* POOUITests */ = {
			isa = PBXNativeTarget;
			buildConfigurationList = 40C2A6CA221CFA7400ED67F0 /* Build configuration list for PBXNativeTarget "POOUITests" */;
			buildPhases = (
				40C2A6B7221CFA7400ED67F0 /* Sources */,
				40C2A6B8221CFA7400ED67F0 /* Frameworks */,
				40C2A6B9221CFA7400ED67F0 /* Resources */,
			);
			buildRules = (
			);
			dependencies = (
				40C2A6BD221CFA7400ED67F0 /* PBXTargetDependency */,
			);
			name = POOUITests;
			productName = POOUITests;
			productReference = 40C2A6BB221CFA7400ED67F0 /* POOUITests.xctest */;
			productType = "com.apple.product-type.bundle.ui-testing";
		};
/* End PBXNativeTarget section */

/* Begin PBXProject section */
		40C2A694221CFA7100ED67F0 /* Project object */ = {
			isa = PBXProject;
			attributes = {
				LastSwiftUpdateCheck = 1010;
				LastUpgradeCheck = 1010;
				ORGANIZATIONNAME = R.Fuentes;
				TargetAttributes = {
					40C2A69B221CFA7100ED67F0 = {
						CreatedOnToolsVersion = 10.1;
					};
					40C2A6AF221CFA7400ED67F0 = {
						CreatedOnToolsVersion = 10.1;
						TestTargetID = 40C2A69B221CFA7100ED67F0;
					};
					40C2A6BA221CFA7400ED67F0 = {
						CreatedOnToolsVersion = 10.1;
						TestTargetID = 40C2A69B221CFA7100ED67F0;
					};
				};
			};
			buildConfigurationList = 40C2A697221CFA7100ED67F0 /* Build configuration list for PBXProject "POO" */;
			compatibilityVersion = "Xcode 9.3";
			developmentRegion = en;
			hasScannedForEncodings = 0;
			knownRegions = (
				en,
				Base,
			);
			mainGroup = 40C2A693221CFA7100ED67F0;
			productRefGroup = 40C2A69D221CFA7100ED67F0 /* Products */;
			projectDirPath = "";
			projectRoot = "";
			targets = (
				40C2A69B221CFA7100ED67F0 /* POO */,
				40C2A6AF221CFA7400ED67F0 /* POOTests */,
				40C2A6BA221CFA7400ED67F0 /* POOUITests */,
			);
		};
/* End PBXProject section */

/* Begin PBXResourcesBuildPhase section */
		40C2A69A221CFA7100ED67F0 /* Resources */ = {
			isa = PBXResourcesBuildPhase;
			buildActionMask = 2147483647;
			files = (
				40C2A6AA221CFA7300ED67F0 /* LaunchScreen.storyboard in Resources */,
				40C2A6A7221CFA7300ED67F0 /* Assets.xcassets in Resources */,
				40C2A6A5221CFA7100ED67F0 /* Main.storyboard in Resources */,
			);
			runOnlyForDeploymentPostprocessing = 0;
		};
		40C2A6AE221CFA7400ED67F0 /* Resources */ = {
			isa = PBXResourcesBuildPhase;
			buildActionMask = 2147483647;
			files = (
			);
			runOnlyForDeploymentPostprocessing = 0;
		};
		40C2A6B9221CFA7400ED67F0 /* Resources */ = {
			isa = PBXResourcesBuildPhase;
			buildActionMask = 2147483647;
			files = (
			);
			runOnlyForDeploymentPostprocessing = 0;
		};
/* End PBXResourcesBuildPhase section */

/* Begin PBXSourcesBuildPhase section */
		40C2A698221CFA7100ED67F0 /* Sources */ = {
			isa = PBXSourcesBuildPhase;
			buildActionMask = 2147483647;
			files = (
				40C2A6D1221DE37800ED67F0 /* Mazda3Mini.swift in Sources */,
				40C2A6CF221DB53A00ED67F0 /* Mazda3.swift in Sources */,
				40C2A6A2221CFA7100ED67F0 /* ViewController.swift in Sources */,
				40C2A6A0221CFA7100ED67F0 /* AppDelegate.swift in Sources */,
			);
			runOnlyForDeploymentPostprocessing = 0;
		};
		40C2A6AC221CFA7400ED67F0 /* Sources */ = {
			isa = PBXSourcesBuildPhase;
			buildActionMask = 2147483647;
			files = (
				40C2A6B5221CFA7400ED67F0 /* POOTests.swift in Sources */,
			);
			runOnlyForDeploymentPostprocessing = 0;
		};
		40C2A6B7221CFA7400ED67F0 /* Sources */ = {
			isa = PBXSourcesBuildPhase;
			buildActionMask = 2147483647;
			files = (
				40C2A6C0221CFA7400ED67F0 /* POOUITests.swift in Sources */,
			);
			runOnlyForDeploymentPostprocessing = 0;
		};
/* End PBXSourcesBuildPhase section */

/* Begin PBXTargetDependency section */
		40C2A6B2221CFA7400ED67F0 /* PBXTargetDependency */ = {
			isa = PBXTargetDependency;
			target = 40C2A69B221CFA7100ED67F0 /* POO */;
			targetProxy = 40C2A6B1221CFA7400ED67F0 /* PBXContainerItemProxy */;
		};
		40C2A6BD221CFA7400ED67F0 /* PBXTargetDependency */ = {
			isa = PBXTargetDependency;
			target = 40C2A69B221CFA7100ED67F0 /* POO */;
			targetProxy = 40C2A6BC221CFA7400ED67F0 /* PBXContainerItemProxy */;
		};
/* End PBXTargetDependency section */

/* Begin PBXVariantGroup section */
		40C2A6A3221CFA7100ED67F0 /* Main.storyboard */ = {
			isa = PBXVariantGroup;
			children = (
				40C2A6A4221CFA7100ED67F0 /* Base */,
			);
			name = Main.storyboard;
			sourceTree = "<group>";
		};
		40C2A6A8221CFA7300ED67F0 /* LaunchScreen.storyboard */ = {
			isa = PBXVariantGroup;
			children = (
				40C2A6A9221CFA7300ED67F0 /* Base */,
			);
			name = LaunchScreen.storyboard;
			sourceTree = "<group>";
		};
/* End PBXVariantGroup section */

/* Begin XCBuildConfiguration section */
		40C2A6C2221CFA7400ED67F0 /* Debug */ = {
			isa = XCBuildConfiguration;
			buildSettings = {
				ALWAYS_SEARCH_USER_PATHS = NO;
				CLANG_ANALYZER_NONNULL = YES;
				CLANG_ANALYZER_NUMBER_OBJECT_CONVERSION = YES_AGGRESSIVE;
				CLANG_CXX_LANGUAGE_STANDARD = "gnu++14";
				CLANG_CXX_LIBRARY = "libc++";
				CLANG_ENABLE_MODULES = YES;
				CLANG_ENABLE_OBJC_ARC = YES;
				CLANG_ENABLE_OBJC_WEAK = YES;
				CLANG_WARN_BLOCK_CAPTURE_AUTORELEASING = YES;
				CLANG_WARN_BOOL_CONVERSION = YES;
				CLANG_WARN_COMMA = YES;
				CLANG_WARN_CONSTANT_CONVERSION = YES;
				CLANG_WARN_DEPRECATED_OBJC_IMPLEMENTATIONS = YES;
				CLANG_WARN_DIRECT_OBJC_ISA_USAGE = YES_ERROR;
				CLANG_WARN_DOCUMENTATION_COMMENTS = YES;
				CLANG_WARN_EMPTY_BODY = YES;
				CLANG_WARN_ENUM_CONVERSION = YES;
				CLANG_WARN_INFINITE_RECURSION = YES;
				CLANG_WARN_INT_CONVERSION = YES;
				CLANG_WARN_NON_LITERAL_NULL_CONVERSION = YES;
				CLANG_WARN_OBJC_IMPLICIT_RETAIN_SELF = YES;
				CLANG_WARN_OBJC_LITERAL_CONVERSION = YES;
				CLANG_WARN_OBJC_ROOT_CLASS = YES_ERROR;
				CLANG_WARN_RANGE_LOOP_ANALYSIS = YES;
				CLANG_WARN_STRICT_PROTOTYPES = YES;
				CLANG_WARN_SUSPICIOUS_MOVE = YES;
				CLANG_WARN_UNGUARDED_AVAILABILITY = YES_AGGRESSIVE;
				CLANG_WARN_UNREACHABLE_CODE = YES;
				CLANG_WARN__DUPLICATE_METHOD_MATCH = YES;
				CODE_SIGN_IDENTITY = "iPhone Developer";
				COPY_PHASE_STRIP = NO;
				DEBUG_INFORMATION_FORMAT = dwarf;
				ENABLE_STRICT_OBJC_MSGSEND = YES;
				ENABLE_TESTABILITY = YES;
				GCC_C_LANGUAGE_STANDARD = gnu11;
				GCC_DYNAMIC_NO_PIC = NO;
				GCC_NO_COMMON_BLOCKS = YES;
				GCC_OPTIMIZATION_LEVEL = 0;
				GCC_PREPROCESSOR_DEFINITIONS = (
					"DEBUG=1",
					"$(inherited)",
				);
				GCC_WARN_64_TO_32_BIT_CONVERSION = YES;
				GCC_WARN_ABOUT_RETURN_TYPE = YES_ERROR;
				GCC_WARN_UNDECLARED_SELECTOR = YES;
				GCC_WARN_UNINITIALIZED_AUTOS = YES_AGGRESSIVE;
				GCC_WARN_UNUSED_FUNCTION = YES;
				GCC_WARN_UNUSED_VARIABLE = YES;
				IPHONEOS_DEPLOYMENT_TARGET = 12.1;
				MTL_ENABLE_DEBUG_INFO = INCLUDE_SOURCE;
				MTL_FAST_MATH = YES;
				ONLY_ACTIVE_ARCH = YES;
				SDKROOT = iphoneos;
				SWIFT_ACTIVE_COMPILATION_CONDITIONS = DEBUG;
				SWIFT_OPTIMIZATION_LEVEL = "-Onone";
			};
			name = Debug;
		};
		40C2A6C3221CFA7400ED67F0 /* Release */ = {
			isa = XCBuildConfiguration;
			buildSettings = {
				ALWAYS_SEARCH_USER_PATHS = NO;
				CLANG_ANALYZER_NONNULL = YES;
				CLANG_ANALYZER_NUMBER_OBJECT_CONVERSION = YES_AGGRESSIVE;
				CLANG_CXX_LANGUAGE_STANDARD = "gnu++14";
				CLANG_CXX_LIBRARY = "libc++";
				CLANG_ENABLE_MODULES = YES;
				CLANG_ENABLE_OBJC_ARC = YES;
				CLANG_ENABLE_OBJC_WEAK = YES;
				CLANG_WARN_BLOCK_CAPTURE_AUTORELEASING = YES;
				CLANG_WARN_BOOL_CONVERSION = YES;
				CLANG_WARN_COMMA = YES;
				CLANG_WARN_CONSTANT_CONVERSION = YES;
				CLANG_WARN_DEPRECATED_OBJC_IMPLEMENTATIONS = YES;
				CLANG_WARN_DIRECT_OBJC_ISA_USAGE = YES_ERROR;
				CLANG_WARN_DOCUMENTATION_COMMENTS = YES;
				CLANG_WARN_EMPTY_BODY = YES;
				CLANG_WARN_ENUM_CONVERSION = YES;
				CLANG_WARN_INFINITE_RECURSION = YES;
				CLANG_WARN_INT_CONVERSION = YES;
				CLANG_WARN_NON_LITERAL_NULL_CONVERSION = YES;
				CLANG_WARN_OBJC_IMPLICIT_RETAIN_SELF = YES;
				CLANG_WARN_OBJC_LITERAL_CONVERSION = YES;
				CLANG_WARN_OBJC_ROOT_CLASS = YES_ERROR;
				CLANG_WARN_RANGE_LOOP_ANALYSIS = YES;
				CLANG_WARN_STRICT_PROTOTYPES = YES;
				CLANG_WARN_SUSPICIOUS_MOVE = YES;
				CLANG_WARN_UNGUARDED_AVAILABILITY = YES_AGGRESSIVE;
				CLANG_WARN_UNREACHABLE_CODE = YES;
				CLANG_WARN__DUPLICATE_METHOD_MATCH = YES;
				CODE_SIGN_IDENTITY = "iPhone Developer";
				COPY_PHASE_STRIP = NO;
				DEBUG_INFORMATION_FORMAT = "dwarf-with-dsym";
				ENABLE_NS_ASSERTIONS = NO;
				ENABLE_STRICT_OBJC_MSGSEND = YES;
				GCC_C_LANGUAGE_STANDARD = gnu11;
				GCC_NO_COMMON_BLOCKS = YES;
				GCC_WARN_64_TO_32_BIT_CONVERSION = YES;
				GCC_WARN_ABOUT_RETURN_TYPE = YES_ERROR;
				GCC_WARN_UNDECLARED_SELECTOR = YES;
				GCC_WARN_UNINITIALIZED_AUTOS = YES_AGGRESSIVE;
				GCC_WARN_UNUSED_FUNCTION = YES;
				GCC_WARN_UNUSED_VARIABLE = YES;
				IPHONEOS_DEPLOYMENT_TARGET = 12.1;
				MTL_ENABLE_DEBUG_INFO = NO;
				MTL_FAST_MATH = YES;
				SDKROOT = iphoneos;
				SWIFT_COMPILATION_MODE = wholemodule;
				SWIFT_OPTIMIZATION_LEVEL = "-O";
				VALIDATE_PRODUCT = YES;
			};
			name = Release;
		};
		40C2A6C5221CFA7400ED67F0 /* Debug */ = {
			isa = XCBuildConfiguration;
			buildSettings = {
				ASSETCATALOG_COMPILER_APPICON_NAME = AppIcon;
				CODE_SIGN_STYLE = Automatic;
				DEVELOPMENT_TEAM = C4C4FJJHB5;
				INFOPLIST_FILE = POO/Info.plist;
				LD_RUNPATH_SEARCH_PATHS = (
					"$(inherited)",
					"@executable_path/Frameworks",
				);
				PRODUCT_BUNDLE_IDENTIFIER = com.AppsRobert.POO;
				PRODUCT_NAME = "$(TARGET_NAME)";
				SWIFT_VERSION = 4.2;
				TARGETED_DEVICE_FAMILY = "1,2";
			};
			name = Debug;
		};
		40C2A6C6221CFA7400ED67F0 /* Release */ = {
			isa = XCBuildConfiguration;
			buildSettings = {
				ASSETCATALOG_COMPILER_APPICON_NAME = AppIcon;
				CODE_SIGN_STYLE = Automatic;
				DEVELOPMENT_TEAM = C4C4FJJHB5;
				INFOPLIST_FILE = POO/Info.plist;
				LD_RUNPATH_SEARCH_PATHS = (
					"$(inherited)",
					"@executable_path/Frameworks",
				);
				PRODUCT_BUNDLE_IDENTIFIER = com.AppsRobert.POO;
				PRODUCT_NAME = "$(TARGET_NAME)";
				SWIFT_VERSION = 4.2;
				TARGETED_DEVICE_FAMILY = "1,2";
			};
			name = Release;
		};
		40C2A6C8221CFA7400ED67F0 /* Debug */ = {
			isa = XCBuildConfiguration;
			buildSettings = {
				ALWAYS_EMBED_SWIFT_STANDARD_LIBRARIES = YES;
				BUNDLE_LOADER = "$(TEST_HOST)";
				CODE_SIGN_STYLE = Automatic;
				INFOPLIST_FILE = POOTests/Info.plist;
				LD_RUNPATH_SEARCH_PATHS = (
					"$(inherited)",
					"@executable_path/Frameworks",
					"@loader_path/Frameworks",
				);
				PRODUCT_BUNDLE_IDENTIFIER = com.AppsRobert.POOTests;
				PRODUCT_NAME = "$(TARGET_NAME)";
				SWIFT_VERSION = 4.2;
				TARGETED_DEVICE_FAMILY = "1,2";
				TEST_HOST = "$(BUILT_PRODUCTS_DIR)/POO.app/POO";
			};
			name = Debug;
		};
		40C2A6C9221CFA7400ED67F0 /* Release */ = {
			isa = XCBuildConfiguration;
			buildSettings = {
				ALWAYS_EMBED_SWIFT_STANDARD_LIBRARIES = YES;
				BUNDLE_LOADER = "$(TEST_HOST)";
				CODE_SIGN_STYLE = Automatic;
				INFOPLIST_FILE = POOTests/Info.plist;
				LD_RUNPATH_SEARCH_PATHS = (
					"$(inherited)",
					"@executable_path/Frameworks",
					"@loader_path/Frameworks",
				);
				PRODUCT_BUNDLE_IDENTIFIER = com.AppsRobert.POOTests;
				PRODUCT_NAME = "$(TARGET_NAME)";
				SWIFT_VERSION = 4.2;
				TARGETED_DEVICE_FAMILY = "1,2";
				TEST_HOST = "$(BUILT_PRODUCTS_DIR)/POO.app/POO";
			};
			name = Release;
		};
		40C2A6CB221CFA7400ED67F0 /* Debug */ = {
			isa = XCBuildConfiguration;
			buildSettings = {
				ALWAYS_EMBED_SWIFT_STANDARD_LIBRARIES = YES;
				CODE_SIGN_STYLE = Automatic;
				INFOPLIST_FILE = POOUITests/Info.plist;
				LD_RUNPATH_SEARCH_PATHS = (
					"$(inherited)",
					"@executable_path/Frameworks",
					"@loader_path/Frameworks",
				);
				PRODUCT_BUNDLE_IDENTIFIER = com.AppsRobert.POOUITests;
				PRODUCT_NAME = "$(TARGET_NAME)";
				SWIFT_VERSION = 4.2;
				TARGETED_DEVICE_FAMILY = "1,2";
				TEST_TARGET_NAME = POO;
			};
			name = Debug;
		};
		40C2A6CC221CFA7400ED67F0 /* Release */ = {
			isa = XCBuildConfiguration;
			buildSettings = {
				ALWAYS_EMBED_SWIFT_STANDARD_LIBRARIES = YES;
				CODE_SIGN_STYLE = Automatic;
				INFOPLIST_FILE = POOUITests/Info.plist;
				LD_RUNPATH_SEARCH_PATHS = (
					"$(inherited)",
					"@executable_path/Frameworks",
					"@loader_path/Frameworks",
				);
				PRODUCT_BUNDLE_IDENTIFIER = com.AppsRobert.POOUITests;
				PRODUCT_NAME = "$(TARGET_NAME)";
				SWIFT_VERSION = 4.2;
				TARGETED_DEVICE_FAMILY = "1,2";
				TEST_TARGET_NAME = POO;
			};
			name = Release;
		};
/* End XCBuildConfiguration section */

/* Begin XCConfigurationList section */
		40C2A697221CFA7100ED67F0 /* Build configuration list for PBXProject "POO" */ = {
			isa = XCConfigurationList;
			buildConfigurations = (
				40C2A6C2221CFA7400ED67F0 /* Debug */,
				40C2A6C3221CFA7400ED67F0 /* Release */,
			);
			defaultConfigurationIsVisible = 0;
			defaultConfigurationName = Release;
		};
		40C2A6C4221CFA7400ED67F0 /* Build configuration list for PBXNativeTarget "POO" */ = {
			isa = XCConfigurationList;
			buildConfigurations = (
				40C2A6C5221CFA7400ED67F0 /* Debug */,
				40C2A6C6221CFA7400ED67F0 /* Release */,
			);
			defaultConfigurationIsVisible = 0;
			defaultConfigurationName = Release;
		};
		40C2A6C7221CFA7400ED67F0 /* Build configuration list for PBXNativeTarget "POOTests" */ = {
			isa = XCConfigurationList;
			buildConfigurations = (
				40C2A6C8221CFA7400ED67F0 /* Debug */,
				40C2A6C9221CFA7400ED67F0 /* Release */,
			);
			defaultConfigurationIsVisible = 0;
			defaultConfigurationName = Release;
		};
		40C2A6CA221CFA7400ED67F0 /* Build configuration list for PBXNativeTarget "POOUITests" */ = {
			isa = XCConfigurationList;
			buildConfigurations = (
				40C2A6CB221CFA7400ED67F0 /* Debug */,
				40C2A6CC221CFA7400ED67F0 /* Release */,
			);
			defaultConfigurationIsVisible = 0;
			defaultConfigurationName = Release;
		};
/* End XCConfigurationList section */
	};
	rootObject = 40C2A694221CFA7100ED67F0 /* Project object */;
}
